
Microsoft Visual Studio Solution File, Format Version 12.00
# Visual Studio 15
VisualStudioVersion = 15.0.26730.12
MinimumVisualStudioVersion = 10.0.40219.1
Project("{9092AA53-FB77-4645-B42D-1CCCA6BD08BD}") = "Demo.MVC", "Demo.MVC\Demo.MVC.njsproj", "{113356DA-AFEB-4D21-AB05-70CEEB462A26}"
EndProject
Global
	GlobalSection(SolutionConfigurationPlatforms) = preSolution
		Debug|Any CPU = Debug|Any CPU
		Release|Any CPU = Release|Any CPU
	EndGlobalSection
	GlobalSection(ProjectConfigurationPlatforms) = postSolution
		{113356DA-AFEB-4D21-AB05-70CEEB462A26}.Debug|Any CPU.ActiveCfg = Debug|Any CPU
		{113356DA-AFEB-4D21-AB05-70CEEB462A26}.Debug|Any CPU.Build.0 = Debug|Any CPU
		{113356DA-AFEB-4D21-AB05-70CEEB462A26}.Release|Any CPU.ActiveCfg = Release|Any CPU
		{113356DA-AFEB-4D21-AB05-70CEEB462A26}.Release|Any CPU.Build.0 = Release|Any CPU
	EndGlobalSection
	GlobalSection(SolutionProperties) = preSolution
		HideSolutionNode = FALSE
	EndGlobalSection
	GlobalSection(ExtensibilityGlobals) = postSolution
		SolutionGuid = {79F5E9DB-5D92-4F77-B456-3F393FC4E2DE}
	EndGlobalSection
EndGlobal
