{
  "name": "node-js",
  "version": "1.0.0",
  "lockfileVersion": 1,
  "requires": true,
  "dependencies": {
    "@angular/animations": {
      "version": "4.0.0",
      "resolved": "https://registry.npmjs.org/@angular/animations/-/animations-4.0.0.tgz",
      "integrity": "sha1-9u+2fKPzgW0tvxm49XA3Hy0gXtw="
    },
    "@angular/common": {
      "version": "4.0.0",
      "resolved": "https://registry.npmjs.org/@angular/common/-/common-4.0.0.tgz",
      "integrity": "sha1-yhiYMiL9q07Kp6i5ntpv9mHm3JI="
    },
    "@angular/compiler": {
      "version": "4.0.0",
      "resolved": "https://registry.npmjs.org/@angular/compiler/-/compiler-4.0.0.tgz",
      "integrity": "sha1-4aoGGm+O8mn5dIrxp7wpD5037Ww="
    },
    "@angular/compiler-cli": {
      "version": "4.0.0",
      "resolved": "https://registry.npmjs.org/@angular/compiler-cli/-/compiler-cli-4.0.0.tgz",
      "integrity": "sha1-NbLUDNNRNa7OxL5llTIUj1rGfaY=",
      "requires": {
        "@angular/tsc-wrapped": "4.0.0",
        "minimist": "1.2.0",
        "reflect-metadata": "0.1.10"
      }
    },
    "@angular/core": {
      "version": "4.0.0",
      "resolved": "https://registry.npmjs.org/@angular/core/-/core-4.0.0.tgz",
      "integrity": "sha1-/Yd+B0sp36nGO5aiGZX8dVbUI6M="
    },
    "@angular/forms": {
      "version": "4.0.0",
      "resolved": "https://registry.npmjs.org/@angular/forms/-/forms-4.0.0.tgz",
      "integrity": "sha1-AxYwR6LoSvQhBicNouH0erD6/Dc="
    },
    "@angular/http": {
      "version": "4.0.0",
      "resolved": "https://registry.npmjs.org/@angular/http/-/http-4.0.0.tgz",
      "integrity": "sha1-RaU46sQqCxPzdEx+i6/rF9WNoxw="
    },
    "@angular/platform-browser": {
      "version": "4.0.0",
      "resolved": "https://registry.npmjs.org/@angular/platform-browser/-/platform-browser-4.0.0.tgz",
      "integrity": "sha1-USrpqxnMwl+nkCf0TikbzuI2zSs="
    },
    "@angular/platform-browser-dynamic": {
      "version": "4.0.0",
      "resolved": "https://registry.npmjs.org/@angular/platform-browser-dynamic/-/platform-browser-dynamic-4.0.0.tgz",
      "integrity": "sha1-0dnegP4eAnNb6J9RLg+vWoDVf6U="
    },
    "@angular/platform-server": {
      "version": "4.0.0",
      "resolved": "https://registry.npmjs.org/@angular/platform-server/-/platform-server-4.0.0.tgz",
      "integrity": "sha1-121heHzTvjzo7UYEPWqMglcvVn0=",
      "requires": {
        "parse5": "3.0.2",
        "xhr2": "0.1.4"
      }
    },
    "@angular/router": {
      "version": "4.0.0",
      "resolved": "https://registry.npmjs.org/@angular/router/-/router-4.0.0.tgz",
      "integrity": "sha1-9KLcg7ROAj2x1vLBLKWjeiLGavw="
    },
    "@angular/tsc-wrapped": {
      "version": "4.0.0",
      "resolved": "https://registry.npmjs.org/@angular/tsc-wrapped/-/tsc-wrapped-4.0.0.tgz",
      "integrity": "sha1-6pHu2pgCnNsKSsN9XiXZ0SpDM8E=",
      "requires": {
        "tsickle": "0.21.6"
      }
    },
    "@angular/upgrade": {
      "version": "4.0.0",
      "resolved": "https://registry.npmjs.org/@angular/upgrade/-/upgrade-4.0.0.tgz",
      "integrity": "sha1-u1ysc6gAZMSqCqiWrDfYzdpNFBE="
    },
    "@types/node": {
      "version": "7.0.5",
      "resolved": "https://registry.npmjs.org/@types/node/-/node-7.0.5.tgz",
      "integrity": "sha1-lqDwphi3tgbx7FR0A8AGUCEL+7c=",
      "dev": true
    },
    "angular-in-memory-web-api": {
      "version": "0.3.1",
      "resolved": "https://registry.npmjs.org/angular-in-memory-web-api/-/angular-in-memory-web-api-0.3.1.tgz",
      "integrity": "sha1-Oy/lllwxg98yCBwodKwROoJ+huM="
    },
    "core-js": {
      "version": "2.4.1",
      "resolved": "https://registry.npmjs.org/core-js/-/core-js-2.4.1.tgz",
      "integrity": "sha1-TekR5mew6ukSTjQlS1OupvxhjT4="
    },
    "minimist": {
      "version": "1.2.0",
      "resolved": "https://registry.npmjs.org/minimist/-/minimist-1.2.0.tgz",
      "integrity": "sha1-o1AIsg9BOD7sH7kU9M1d95omQoQ="
    },
    "mkdirp": {
      "version": "0.5.1",
      "resolved": "https://registry.npmjs.org/mkdirp/-/mkdirp-0.5.1.tgz",
      "integrity": "sha1-MAV0OOrGz3+MR2fzhkjWaX11yQM=",
      "requires": {
        "minimist": "0.0.8"
      },
      "dependencies": {
        "minimist": {
          "version": "0.0.8",
          "resolved": "https://registry.npmjs.org/minimist/-/minimist-0.0.8.tgz",
          "integrity": "sha1-hX/Kv8M5fSYluCKCYuhqp6ARsF0="
        }
      }
    },
    "parse5": {
      "version": "3.0.2",
      "resolved": "https://registry.npmjs.org/parse5/-/parse5-3.0.2.tgz",
      "integrity": "sha1-Be/1fw70V3+xRKefi5qWemzERRA=",
      "requires": {
        "@types/node": "6.0.90"
      },
      "dependencies": {
        "@types/node": {
          "version": "6.0.90",
          "resolved": "https://registry.npmjs.org/@types/node/-/node-6.0.90.tgz",
          "integrity": "sha512-tXoGRVdi7wZX7P1VWoV9Wfk0uYDOAHdEYXAttuWgSrN76Q32wQlSrMX0Rgyv3RTEaQY2ZLQrzYHVM2e8rfo8sA=="
        }
      }
    },
    "reflect-metadata": {
      "version": "0.1.10",
      "resolved": "https://registry.npmjs.org/reflect-metadata/-/reflect-metadata-0.1.10.tgz",
      "integrity": "sha1-tPg3BEFqytiZiMmxVjXUfgO5NEo="
    },
    "rxjs": {
      "version": "5.3.0",
      "resolved": "https://registry.npmjs.org/rxjs/-/rxjs-5.3.0.tgz",
      "integrity": "sha1-2IzL3UavKQy9uX1dgFXlJFP6vi0=",
      "requires": {
        "symbol-observable": "1.0.4"
      }
    },
    "source-map": {
      "version": "0.5.7",
      "resolved": "https://registry.npmjs.org/source-map/-/source-map-0.5.7.tgz",
      "integrity": "sha1-igOdLRAh0i0eoUyA2OpGi6LvP8w="
    },
    "source-map-support": {
      "version": "0.4.18",
      "resolved": "https://registry.npmjs.org/source-map-support/-/source-map-support-0.4.18.tgz",
      "integrity": "sha512-try0/JqxPLF9nOjvSta7tVondkP5dwgyLDjVoyMDlmjugT2lRZ1OfsrYTkCd2hkDnJTKRbO/Rl3orm8vlsUzbA==",
      "requires": {
        "source-map": "0.5.7"
      }
    },
    "symbol-observable": {
      "version": "1.0.4",
      "resolved": "https://registry.npmjs.org/symbol-observable/-/symbol-observable-1.0.4.tgz",
      "integrity": "sha1-Kb9hXUqnEhvdiYsi1LP5vE4qoD0="
    },
    "systemjs": {
      "version": "0.20.12",
      "resolved": "https://registry.npmjs.org/systemjs/-/systemjs-0.20.12.tgz",
      "integrity": "sha1-E1zEcSgESEUzR4Keu5Y5oJpn8QE="
    },
    "tsickle": {
      "version": "0.21.6",
      "resolved": "https://registry.npmjs.org/tsickle/-/tsickle-0.21.6.tgz",
      "integrity": "sha1-U7Abl5xcE/2xOvs/uVgXflmRWI0=",
      "requires": {
        "minimist": "1.2.0",
        "mkdirp": "0.5.1",
        "source-map": "0.5.7",
        "source-map-support": "0.4.18"
      }
    },
    "typescript": {
      "version": "2.2.2",
      "resolved": "https://registry.npmjs.org/typescript/-/typescript-2.2.2.tgz",
      "integrity": "sha1-YGAiUIR5tV/6NotY/uljoD39eww=",
      "dev": true
    },
    "xhr2": {
      "version": "0.1.4",
      "resolved": "https://registry.npmjs.org/xhr2/-/xhr2-0.1.4.tgz",
      "integrity": "sha1-f4dliEdxbbUCYyOBL4GMras4el8="
    },
    "zone.js": {
      "version": "0.8.5",
      "resolved": "https://registry.npmjs.org/zone.js/-/zone.js-0.8.5.tgz",
      "integrity": "sha1-eQbgF0gsv/TD8HnFw0MFzpQfW6I="
    }
  }
}
